
Microsoft Visual Studio Solution File, Format Version 12.00
# Visual Studio Version 16
VisualStudioVersion = 16.0.31515.178
MinimumVisualStudioVersion = 10.0.40219.1
Project("{FAE04EC0-301F-11D3-BF4B-00C04F79EFBC}") = "BMSLoanService_Loan", "BMSLoanService_Loan.csproj", "{34BA111C-43D9-42B7-8EA6-7CF04D9D3230}"
EndProject
Project("{FAE04EC0-301F-11D3-BF4B-00C04F79EFBC}") = "BMSLoanService_Loan_TestProject", "..\BMSLoanService_Loan_TestProject\BMSLoanService_Loan_TestProject.csproj", "{85D9E109-8F0D-4EF7-8EB5-AFF1270DD11C}"
EndProject
Global
	GlobalSection(SolutionConfigurationPlatforms) = preSolution
		Debug|Any CPU = Debug|Any CPU
		Release|Any CPU = Release|Any CPU
	EndGlobalSection
	GlobalSection(ProjectConfigurationPlatforms) = postSolution
		{34BA111C-43D9-42B7-8EA6-7CF04D9D3230}.Debug|Any CPU.ActiveCfg = Debug|Any CPU
		{34BA111C-43D9-42B7-8EA6-7CF04D9D3230}.Debug|Any CPU.Build.0 = Debug|Any CPU
		{34BA111C-43D9-42B7-8EA6-7CF04D9D3230}.Release|Any CPU.ActiveCfg = Release|Any CPU
		{34BA111C-43D9-42B7-8EA6-7CF04D9D3230}.Release|Any CPU.Build.0 = Release|Any CPU
		{85D9E109-8F0D-4EF7-8EB5-AFF1270DD11C}.Debug|Any CPU.ActiveCfg = Debug|Any CPU
		{85D9E109-8F0D-4EF7-8EB5-AFF1270DD11C}.Debug|Any CPU.Build.0 = Debug|Any CPU
		{85D9E109-8F0D-4EF7-8EB5-AFF1270DD11C}.Release|Any CPU.ActiveCfg = Release|Any CPU
		{85D9E109-8F0D-4EF7-8EB5-AFF1270DD11C}.Release|Any CPU.Build.0 = Release|Any CPU
	EndGlobalSection
	GlobalSection(SolutionProperties) = preSolution
		HideSolutionNode = FALSE
	EndGlobalSection
	GlobalSection(ExtensibilityGlobals) = postSolution
		SolutionGuid = {107A1F04-7B24-464F-B5E9-E7467D5FC087}
	EndGlobalSection
EndGlobal
